
Microsoft Visual Studio Solution File, Format Version 12.00
# Blend for Visual Studio Version 16
VisualStudioVersion = 16.0.29424.173
MinimumVisualStudioVersion = 10.0.40219.1
Project("{FAE04EC0-301F-11D3-BF4B-00C04F79EFBC}") = "PRACTICA1_TESLA", "PRACTICA1_TESLA.csproj", "{664BACDC-5147-44A2-8FA0-1F2A0DE479D3}"
EndProject
Project("{2150E333-8FDC-42A3-9474-1A3956D46DE8}") = "Recursos-graficos", "Recursos-graficos", "{C02754A5-E0C9-44B3-A44A-F732335D3759}"
	ProjectSection(SolutionItems) = preProject
		kisspng-computer-icons-facebook-clip-art-5af6a5859f8bd8.8434699315261136696535.png = kisspng-computer-icons-facebook-clip-art-5af6a5859f8bd8.8434699315261136696535.png
		kisspng-tesla-motors-tesla-model-3-tesla-model-s-tesla-roa-tesla-logo-5b376c1531b255.4724719815303588052036.png = kisspng-tesla-motors-tesla-model-3-tesla-model-s-tesla-roa-tesla-logo-5b376c1531b255.4724719815303588052036.png
		la-nueva-bestia-de-tesla-es-un-deportivo-electrico-con-1-000-kilometros-de-autonomia.jpg = la-nueva-bestia-de-tesla-es-un-deportivo-electrico-con-1-000-kilometros-de-autonomia.jpg
		LOGO-FLECHA.png = LOGO-FLECHA.png
		logo-solo.png = logo-solo.png
		MENUBAR.png = MENUBAR.png
		Mesa de trabajo 1.png = Mesa de trabajo 1.png
		nav.png = nav.png
		pngegg.png = pngegg.png
		r-lupa.png = r-lupa.png
		search.png = search.png
		tesla-cybertruck.jpg = tesla-cybertruck.jpg
		Tesla-Model_X_2017_C01.jpg = Tesla-Model_X_2017_C01.jpg
		W-LUPA.png = W-LUPA.png
	EndProjectSection
EndProject
Global
	GlobalSection(SolutionConfigurationPlatforms) = preSolution
		Debug|Any CPU = Debug|Any CPU
		Release|Any CPU = Release|Any CPU
	EndGlobalSection
	GlobalSection(ProjectConfigurationPlatforms) = postSolution
		{664BACDC-5147-44A2-8FA0-1F2A0DE479D3}.Debug|Any CPU.ActiveCfg = Debug|Any CPU
		{664BACDC-5147-44A2-8FA0-1F2A0DE479D3}.Debug|Any CPU.Build.0 = Debug|Any CPU
		{664BACDC-5147-44A2-8FA0-1F2A0DE479D3}.Release|Any CPU.ActiveCfg = Release|Any CPU
		{664BACDC-5147-44A2-8FA0-1F2A0DE479D3}.Release|Any CPU.Build.0 = Release|Any CPU
	EndGlobalSection
	GlobalSection(SolutionProperties) = preSolution
		HideSolutionNode = FALSE
	EndGlobalSection
	GlobalSection(ExtensibilityGlobals) = postSolution
		SolutionGuid = {646EA717-2552-4142-8D97-7F7586BFABFE}
	EndGlobalSection
EndGlobal
